// !$*UTF8*$!
{
	archiveVersion = 1;
	classes = {
	};
	objectVersion = 46;
	objects = {

/* Begin PBXBuildFile section */
		029FA1471E9DB891001CC4EB /* AppDelegate.swift in Sources */ = {isa = PBXBuildFile; fileRef = 029FA1461E9DB891001CC4EB /* AppDelegate.swift */; };
		029FA1491E9DB891001CC4EB /* MainViewController.swift in Sources */ = {isa = PBXBuildFile; fileRef = 029FA1481E9DB891001CC4EB /* MainViewController.swift */; };
		029FA14C1E9DB891001CC4EB /* Main.storyboard in Resources */ = {isa = PBXBuildFile; fileRef = 029FA14A1E9DB891001CC4EB /* Main.storyboard */; };
		029FA14E1E9DB891001CC4EB /* Assets.xcassets in Resources */ = {isa = PBXBuildFile; fileRef = 029FA14D1E9DB891001CC4EB /* Assets.xcassets */; };
		029FA1511E9DB891001CC4EB /* LaunchScreen.storyboard in Resources */ = {isa = PBXBuildFile; fileRef = 029FA14F1E9DB891001CC4EB /* LaunchScreen.storyboard */; };
		029FA1591E9DB923001CC4EB /* GoogleService-Info.plist in Resources */ = {isa = PBXBuildFile; fileRef = 029FA1581E9DB923001CC4EB /* GoogleService-Info.plist */; };
		21CB72C39E9F8A680C94ECC5 /* Pods_PokeFinder.framework in Frameworks */ = {isa = PBXBuildFile; fileRef = 95CEF1B810142C1D11FD6D9B /* Pods_PokeFinder.framework */; };
/* End PBXBuildFile section */

/* Begin PBXFileReference section */
		029FA1431E9DB891001CC4EB /* PokeFinder.app */ = {isa = PBXFileReference; explicitFileType = wrapper.application; includeInIndex = 0; path = PokeFinder.app; sourceTree = BUILT_PRODUCTS_DIR; };
		029FA1461E9DB891001CC4EB /* AppDelegate.swift */ = {isa = PBXFileReference; lastKnownFileType = sourcecode.swift; path = AppDelegate.swift; sourceTree = "<group>"; };
		029FA1481E9DB891001CC4EB /* MainViewController.swift */ = {isa = PBXFileReference; lastKnownFileType = sourcecode.swift; path = MainViewController.swift; sourceTree = "<group>"; };
		029FA14B1E9DB891001CC4EB /* Base */ = {isa = PBXFileReference; lastKnownFileType = file.storyboard; name = Base; path = Base.lproj/Main.storyboard; sourceTree = "<group>"; };
		029FA14D1E9DB891001CC4EB /* Assets.xcassets */ = {isa = PBXFileReference; lastKnownFileType = folder.assetcatalog; path = Assets.xcassets; sourceTree = "<group>"; };
		029FA1501E9DB891001CC4EB /* Base */ = {isa = PBXFileReference; lastKnownFileType = file.storyboard; name = Base; path = Base.lproj/LaunchScreen.storyboard; sourceTree = "<group>"; };
		029FA1521E9DB891001CC4EB /* Info.plist */ = {isa = PBXFileReference; lastKnownFileType = text.plist.xml; path = Info.plist; sourceTree = "<group>"; };
		029FA1581E9DB923001CC4EB /* GoogleService-Info.plist */ = {isa = PBXFileReference; fileEncoding = 4; lastKnownFileType = text.plist.xml; path = "GoogleService-Info.plist"; sourceTree = "<group>"; };
		4F5A72A967EB5F03FF22FA9B /* Pods-PokeFinder.debug.xcconfig */ = {isa = PBXFileReference; includeInIndex = 1; lastKnownFileType = text.xcconfig; name = "Pods-PokeFinder.debug.xcconfig"; path = "Pods/Target Support Files/Pods-PokeFinder/Pods-PokeFinder.debug.xcconfig"; sourceTree = "<group>"; };
		6610A5E22F57ECFCFB893533 /* Pods-PokeFinder.release.xcconfig */ = {isa = PBXFileReference; includeInIndex = 1; lastKnownFileType = text.xcconfig; name = "Pods-PokeFinder.release.xcconfig"; path = "Pods/Target Support Files/Pods-PokeFinder/Pods-PokeFinder.release.xcconfig"; sourceTree = "<group>"; };
		95CEF1B810142C1D11FD6D9B /* Pods_PokeFinder.framework */ = {isa = PBXFileReference; explicitFileType = wrapper.framework; includeInIndex = 0; path = Pods_PokeFinder.framework; sourceTree = BUILT_PRODUCTS_DIR; };
/* End PBXFileReference section */

/* Begin PBXFrameworksBuildPhase section */
		029FA1401E9DB891001CC4EB /* Frameworks */ = {
			isa = PBXFrameworksBuildPhase;
			buildActionMask = 2147483647;
			files = (
				21CB72C39E9F8A680C94ECC5 /* Pods_PokeFinder.framework in Frameworks */,
			);
			runOnlyForDeploymentPostprocessing = 0;
		};
/* End PBXFrameworksBuildPhase section */

/* Begin PBXGroup section */
		029FA13A1E9DB891001CC4EB = {
			isa = PBXGroup;
			children = (
				029FA1451E9DB891001CC4EB /* PokeFinder */,
				029FA1441E9DB891001CC4EB /* Products */,
				C86CB82265EC251224B1E5E0 /* Pods */,
				A40D080B10BCA874E38ED2A2 /* Frameworks */,
			);
			sourceTree = "<group>";
		};
		029FA1441E9DB891001CC4EB /* Products */ = {
			isa = PBXGroup;
			children = (
				029FA1431E9DB891001CC4EB /* PokeFinder.app */,
			);
			name = Products;
			sourceTree = "<group>";
		};
		029FA1451E9DB891001CC4EB /* PokeFinder */ = {
			isa = PBXGroup;
			children = (
				029FA1461E9DB891001CC4EB /* AppDelegate.swift */,
				029FA1481E9DB891001CC4EB /* MainViewController.swift */,
				029FA14A1E9DB891001CC4EB /* Main.storyboard */,
				029FA14D1E9DB891001CC4EB /* Assets.xcassets */,
				029FA14F1E9DB891001CC4EB /* LaunchScreen.storyboard */,
				029FA1521E9DB891001CC4EB /* Info.plist */,
				029FA1581E9DB923001CC4EB /* GoogleService-Info.plist */,
			);
			path = PokeFinder;
			sourceTree = "<group>";
		};
		A40D080B10BCA874E38ED2A2 /* Frameworks */ = {
			isa = PBXGroup;
			children = (
				95CEF1B810142C1D11FD6D9B /* Pods_PokeFinder.framework */,
			);
			name = Frameworks;
			sourceTree = "<group>";
		};
		C86CB82265EC251224B1E5E0 /* Pods */ = {
			isa = PBXGroup;
			children = (
				4F5A72A967EB5F03FF22FA9B /* Pods-PokeFinder.debug.xcconfig */,
				6610A5E22F57ECFCFB893533 /* Pods-PokeFinder.release.xcconfig */,
			);
			name = Pods;
			sourceTree = "<group>";
		};
/* End PBXGroup section */

/* Begin PBXNativeTarget section */
		029FA1421E9DB891001CC4EB /* PokeFinder */ = {
			isa = PBXNativeTarget;
			buildConfigurationList = 029FA1551E9DB891001CC4EB /* Build configuration list for PBXNativeTarget "PokeFinder" */;
			buildPhases = (
				AA2E2E0AFF9A57AEB2179F9B /* [CP] Check Pods Manifest.lock */,
				029FA13F1E9DB891001CC4EB /* Sources */,
				029FA1401E9DB891001CC4EB /* Frameworks */,
				029FA1411E9DB891001CC4EB /* Resources */,
				EBED98D16FDBA275A8E79460 /* [CP] Embed Pods Frameworks */,
				E1AE4365653F11BD58B39E5F /* [CP] Copy Pods Resources */,
			);
			buildRules = (
			);
			dependencies = (
			);
			name = PokeFinder;
			productName = PokeFinder;
			productReference = 029FA1431E9DB891001CC4EB /* PokeFinder.app */;
			productType = "com.apple.product-type.application";
		};
/* End PBXNativeTarget section */

/* Begin PBXProject section */
		029FA13B1E9DB891001CC4EB /* Project object */ = {
			isa = PBXProject;
			attributes = {
				LastSwiftUpdateCheck = 0830;
				LastUpgradeCheck = 0830;
				ORGANIZATIONNAME = "Bailig Abhanar";
				TargetAttributes = {
					029FA1421E9DB891001CC4EB = {
						CreatedOnToolsVersion = 8.3;
						DevelopmentTeam = 73QVNZWQQJ;
						ProvisioningStyle = Automatic;
					};
				};
			};
			buildConfigurationList = 029FA13E1E9DB891001CC4EB /* Build configuration list for PBXProject "PokeFinder" */;
			compatibilityVersion = "Xcode 3.2";
			developmentRegion = English;
			hasScannedForEncodings = 0;
			knownRegions = (
				en,
				Base,
			);
			mainGroup = 029FA13A1E9DB891001CC4EB;
			productRefGroup = 029FA1441E9DB891001CC4EB /* Products */;
			projectDirPath = "";
			projectRoot = "";
			targets = (
				029FA1421E9DB891001CC4EB /* PokeFinder */,
			);
		};
/* End PBXProject section */

/* Begin PBXResourcesBuildPhase section */
		029FA1411E9DB891001CC4EB /* Resources */ = {
			isa = PBXResourcesBuildPhase;
			buildActionMask = 2147483647;
			files = (
				029FA1511E9DB891001CC4EB /* LaunchScreen.storyboard in Resources */,
				029FA1591E9DB923001CC4EB /* GoogleService-Info.plist in Resources */,
				029FA14E1E9DB891001CC4EB /* Assets.xcassets in Resources */,
				029FA14C1E9DB891001CC4EB /* Main.storyboard in Resources */,
			);
			runOnlyForDeploymentPostprocessing = 0;
		};
/* End PBXResourcesBuildPhase section */

/* Begin PBXShellScriptBuildPhase section */
		AA2E2E0AFF9A57AEB2179F9B /* [CP] Check Pods Manifest.lock */ = {
			isa = PBXShellScriptBuildPhase;
			buildActionMask = 2147483647;
			files = (
			);
			inputPaths = (
			);
			name = "[CP] Check Pods Manifest.lock";
			outputPaths = (
			);
			runOnlyForDeploymentPostprocessing = 0;
			shellPath = /bin/sh;
			shellScript = "diff \"${PODS_ROOT}/../Podfile.lock\" \"${PODS_ROOT}/Manifest.lock\" > /dev/null\nif [ $? != 0 ] ; then\n    # print error to STDERR\n    echo \"error: The sandbox is not in sync with the Podfile.lock. Run 'pod install' or update your CocoaPods installation.\" >&2\n    exit 1\nfi\n";
			showEnvVarsInLog = 0;
		};
		E1AE4365653F11BD58B39E5F /* [CP] Copy Pods Resources */ = {
			isa = PBXShellScriptBuildPhase;
			buildActionMask = 2147483647;
			files = (
			);
			inputPaths = (
			);
			name = "[CP] Copy Pods Resources";
			outputPaths = (
			);
			runOnlyForDeploymentPostprocessing = 0;
			shellPath = /bin/sh;
			shellScript = "\"${SRCROOT}/Pods/Target Support Files/Pods-PokeFinder/Pods-PokeFinder-resources.sh\"\n";
			showEnvVarsInLog = 0;
		};
		EBED98D16FDBA275A8E79460 /* [CP] Embed Pods Frameworks */ = {
			isa = PBXShellScriptBuildPhase;
			buildActionMask = 2147483647;
			files = (
			);
			inputPaths = (
			);
			name = "[CP] Embed Pods Frameworks";
			outputPaths = (
			);
			runOnlyForDeploymentPostprocessing = 0;
			shellPath = /bin/sh;
			shellScript = "\"${SRCROOT}/Pods/Target Support Files/Pods-PokeFinder/Pods-PokeFinder-frameworks.sh\"\n";
			showEnvVarsInLog = 0;
		};
/* End PBXShellScriptBuildPhase section */

/* Begin PBXSourcesBuildPhase section */
		029FA13F1E9DB891001CC4EB /* Sources */ = {
			isa = PBXSourcesBuildPhase;
			buildActionMask = 2147483647;
			files = (
				029FA1491E9DB891001CC4EB /* MainViewController.swift in Sources */,
				029FA1471E9DB891001CC4EB /* AppDelegate.swift in Sources */,
			);
			runOnlyForDeploymentPostprocessing = 0;
		};
/* End PBXSourcesBuildPhase section */

/* Begin PBXVariantGroup section */
		029FA14A1E9DB891001CC4EB /* Main.storyboard */ = {
			isa = PBXVariantGroup;
			children = (
				029FA14B1E9DB891001CC4EB /* Base */,
			);
			name = Main.storyboard;
			sourceTree = "<group>";
		};
		029FA14F1E9DB891001CC4EB /* LaunchScreen.storyboard */ = {
			isa = PBXVariantGroup;
			children = (
				029FA1501E9DB891001CC4EB /* Base */,
			);
			name = LaunchScreen.storyboard;
			sourceTree = "<group>";
		};
/* End PBXVariantGroup section */

/* Begin XCBuildConfiguration section */
		029FA1531E9DB891001CC4EB /* Debug */ = {
			isa = XCBuildConfiguration;
			buildSettings = {
				ALWAYS_SEARCH_USER_PATHS = NO;
				CLANG_ANALYZER_NONNULL = YES;
				CLANG_ANALYZER_NUMBER_OBJECT_CONVERSION = YES_AGGRESSIVE;
				CLANG_CXX_LANGUAGE_STANDARD = "gnu++0x";
				CLANG_CXX_LIBRARY = "libc++";
				CLANG_ENABLE_MODULES = YES;
				CLANG_ENABLE_OBJC_ARC = YES;
				CLANG_WARN_BOOL_CONVERSION = YES;
				CLANG_WARN_CONSTANT_CONVERSION = YES;
				CLANG_WARN_DIRECT_OBJC_ISA_USAGE = YES_ERROR;
				CLANG_WARN_DOCUMENTATION_COMMENTS = YES;
				CLANG_WARN_EMPTY_BODY = YES;
				CLANG_WARN_ENUM_CONVERSION = YES;
				CLANG_WARN_INFINITE_RECURSION = YES;
				CLANG_WARN_INT_CONVERSION = YES;
				CLANG_WARN_OBJC_ROOT_CLASS = YES_ERROR;
				CLANG_WARN_SUSPICIOUS_MOVE = YES;
				CLANG_WARN_UNREACHABLE_CODE = YES;
				CLANG_WARN__DUPLICATE_METHOD_MATCH = YES;
				"CODE_SIGN_IDENTITY[sdk=iphoneos*]" = "iPhone Developer";
				COPY_PHASE_STRIP = NO;
				DEBUG_INFORMATION_FORMAT = dwarf;
				ENABLE_STRICT_OBJC_MSGSEND = YES;
				ENABLE_TESTABILITY = YES;
				GCC_C_LANGUAGE_STANDARD = gnu99;
				GCC_DYNAMIC_NO_PIC = NO;
				GCC_NO_COMMON_BLOCKS = YES;
				GCC_OPTIMIZATION_LEVEL = 0;
				GCC_PREPROCESSOR_DEFINITIONS = (
					"DEBUG=1",
					"$(inherited)",
				);
				GCC_WARN_64_TO_32_BIT_CONVERSION = YES;
				GCC_WARN_ABOUT_RETURN_TYPE = YES_ERROR;
				GCC_WARN_UNDECLARED_SELECTOR = YES;
				GCC_WARN_UNINITIALIZED_AUTOS = YES_AGGRESSIVE;
				GCC_WARN_UNUSED_FUNCTION = YES;
				GCC_WARN_UNUSED_VARIABLE = YES;
				IPHONEOS_DEPLOYMENT_TARGET = 10.3;
				MTL_ENABLE_DEBUG_INFO = YES;
				ONLY_ACTIVE_ARCH = YES;
				SDKROOT = iphoneos;
				SWIFT_ACTIVE_COMPILATION_CONDITIONS = DEBUG;
				SWIFT_OPTIMIZATION_LEVEL = "-Onone";
			};
			name = Debug;
		};
		029FA1541E9DB891001CC4EB /* Release */ = {
			isa = XCBuildConfiguration;
			buildSettings = {
				ALWAYS_SEARCH_USER_PATHS = NO;
				CLANG_ANALYZER_NONNULL = YES;
				CLANG_ANALYZER_NUMBER_OBJECT_CONVERSION = YES_AGGRESSIVE;
				CLANG_CXX_LANGUAGE_STANDARD = "gnu++0x";
				CLANG_CXX_LIBRARY = "libc++";
				CLANG_ENABLE_MODULES = YES;
				CLANG_ENABLE_OBJC_ARC = YES;
				CLANG_WARN_BOOL_CONVERSION = YES;
				CLANG_WARN_CONSTANT_CONVERSION = YES;
				CLANG_WARN_DIRECT_OBJC_ISA_USAGE = YES_ERROR;
				CLANG_WARN_DOCUMENTATION_COMMENTS = YES;
				CLANG_WARN_EMPTY_BODY = YES;
				CLANG_WARN_ENUM_CONVERSION = YES;
				CLANG_WARN_INFINITE_RECURSION = YES;
				CLANG_WARN_INT_CONVERSION = YES;
				CLANG_WARN_OBJC_ROOT_CLASS = YES_ERROR;
				CLANG_WARN_SUSPICIOUS_MOVE = YES;
				CLANG_WARN_UNREACHABLE_CODE = YES;
				CLANG_WARN__DUPLICATE_METHOD_MATCH = YES;
				"CODE_SIGN_IDENTITY[sdk=iphoneos*]" = "iPhone Developer";
				COPY_PHASE_STRIP = NO;
				DEBUG_INFORMATION_FORMAT = "dwarf-with-dsym";
				ENABLE_NS_ASSERTIONS = NO;
				ENABLE_STRICT_OBJC_MSGSEND = YES;
				GCC_C_LANGUAGE_STANDARD = gnu99;
				GCC_NO_COMMON_BLOCKS = YES;
				GCC_WARN_64_TO_32_BIT_CONVERSION = YES;
				GCC_WARN_ABOUT_RETURN_TYPE = YES_ERROR;
				GCC_WARN_UNDECLARED_SELECTOR = YES;
				GCC_WARN_UNINITIALIZED_AUTOS = YES_AGGRESSIVE;
				GCC_WARN_UNUSED_FUNCTION = YES;
				GCC_WARN_UNUSED_VARIABLE = YES;
				IPHONEOS_DEPLOYMENT_TARGET = 10.3;
				MTL_ENABLE_DEBUG_INFO = NO;
				SDKROOT = iphoneos;
				SWIFT_OPTIMIZATION_LEVEL = "-Owholemodule";
				VALIDATE_PRODUCT = YES;
			};
			name = Release;
		};
		029FA1561E9DB891001CC4EB /* Debug */ = {
			isa = XCBuildConfiguration;
			baseConfigurationReference = 4F5A72A967EB5F03FF22FA9B /* Pods-PokeFinder.debug.xcconfig */;
			buildSettings = {
				ASSETCATALOG_COMPILER_APPICON_NAME = AppIcon;
				DEVELOPMENT_TEAM = 73QVNZWQQJ;
				INFOPLIST_FILE = PokeFinder/Info.plist;
				IPHONEOS_DEPLOYMENT_TARGET = 10.3;
				LD_RUNPATH_SEARCH_PATHS = "$(inherited) @executable_path/Frameworks";
				PRODUCT_BUNDLE_IDENTIFIER = com.bailigabhanar.PokeFinder;
				PRODUCT_NAME = "$(TARGET_NAME)";
				SWIFT_VERSION = 3.0;
			};
			name = Debug;
		};
		029FA1571E9DB891001CC4EB /* Release */ = {
			isa = XCBuildConfiguration;
			baseConfigurationReference = 6610A5E22F57ECFCFB893533 /* Pods-PokeFinder.release.xcconfig */;
			buildSettings = {
				ASSETCATALOG_COMPILER_APPICON_NAME = AppIcon;
				DEVELOPMENT_TEAM = 73QVNZWQQJ;
				INFOPLIST_FILE = PokeFinder/Info.plist;
				IPHONEOS_DEPLOYMENT_TARGET = 10.3;
				LD_RUNPATH_SEARCH_PATHS = "$(inherited) @executable_path/Frameworks";
				PRODUCT_BUNDLE_IDENTIFIER = com.bailigabhanar.PokeFinder;
				PRODUCT_NAME = "$(TARGET_NAME)";
				SWIFT_VERSION = 3.0;
			};
			name = Release;
		};
/* End XCBuildConfiguration section */

/* Begin XCConfigurationList section */
		029FA13E1E9DB891001CC4EB /* Build configuration list for PBXProject "PokeFinder" */ = {
			isa = XCConfigurationList;
			buildConfigurations = (
				029FA1531E9DB891001CC4EB /* Debug */,
				029FA1541E9DB891001CC4EB /* Release */,
			);
			defaultConfigurationIsVisible = 0;
			defaultConfigurationName = Release;
		};
		029FA1551E9DB891001CC4EB /* Build configuration list for PBXNativeTarget "PokeFinder" */ = {
			isa = XCConfigurationList;
			buildConfigurations = (
				029FA1561E9DB891001CC4EB /* Debug */,
				029FA1571E9DB891001CC4EB /* Release */,
			);
			defaultConfigurationIsVisible = 0;
			defaultConfigurationName = Release;
		};
/* End XCConfigurationList section */
	};
	rootObject = 029FA13B1E9DB891001CC4EB /* Project object */;
}
